
Microsoft Visual Studio Solution File, Format Version 12.00
# Visual Studio Version 17
VisualStudioVersion = 17.8.34309.116
MinimumVisualStudioVersion = 10.0.40219.1
Project("{F184B08F-C81C-45F6-A57F-5ABD9991F28F}") = "HRMS.Model", "HRMS.Model\HRMS.Model.vbproj", "{82F2A024-A22E-40B7-99AB-6361C0AB490A}"
EndProject
Global
	GlobalSection(SolutionConfigurationPlatforms) = preSolution
		Debug|Any CPU = Debug|Any CPU
		Release|Any CPU = Release|Any CPU
	EndGlobalSection
	GlobalSection(ProjectConfigurationPlatforms) = postSolution
		{82F2A024-A22E-40B7-99AB-6361C0AB490A}.Debug|Any CPU.ActiveCfg = Debug|Any CPU
		{82F2A024-A22E-40B7-99AB-6361C0AB490A}.Debug|Any CPU.Build.0 = Debug|Any CPU
		{82F2A024-A22E-40B7-99AB-6361C0AB490A}.Release|Any CPU.ActiveCfg = Release|Any CPU
		{82F2A024-A22E-40B7-99AB-6361C0AB490A}.Release|Any CPU.Build.0 = Release|Any CPU
	EndGlobalSection
	GlobalSection(SolutionProperties) = preSolution
		HideSolutionNode = FALSE
	EndGlobalSection
	GlobalSection(ExtensibilityGlobals) = postSolution
		SolutionGuid = {7C1FCBA7-9622-492B-876A-B68645C28FEA}
	EndGlobalSection
EndGlobal
